
Microsoft Visual Studio Solution File, Format Version 12.00
# Visual Studio Version 17
VisualStudioVersion = 17.0.31903.59
MinimumVisualStudioVersion = 10.0.40219.1
Project("{FAE04EC0-301F-11D3-BF4B-00C04F79EFBC}") = "RestWithASPNET", "RestWithASPNET\RestWithASPNET.csproj", "{B27DEB32-79A6-4C0E-81B2-676128394C4E}"
EndProject
Global
	GlobalSection(SolutionConfigurationPlatforms) = preSolution
		Debug|Any CPU = Debug|Any CPU
		Release|Any CPU = Release|Any CPU
	EndGlobalSection
	GlobalSection(SolutionProperties) = preSolution
		HideSolutionNode = FALSE
	EndGlobalSection
	GlobalSection(ProjectConfigurationPlatforms) = postSolution
		{B27DEB32-79A6-4C0E-81B2-676128394C4E}.Debug|Any CPU.ActiveCfg = Debug|Any CPU
		{B27DEB32-79A6-4C0E-81B2-676128394C4E}.Debug|Any CPU.Build.0 = Debug|Any CPU
		{B27DEB32-79A6-4C0E-81B2-676128394C4E}.Release|Any CPU.ActiveCfg = Release|Any CPU
		{B27DEB32-79A6-4C0E-81B2-676128394C4E}.Release|Any CPU.Build.0 = Release|Any CPU
	EndGlobalSection
EndGlobal
